// !$*UTF8*$!
{
	archiveVersion = 1;
	classes = {
	};
	objectVersion = 56;
	objects = {

/* Begin PBXBuildFile section */
		FC0A0DDB2976766900F3C6A3 /* Appetizer.swift in Sources */ = {isa = PBXBuildFile; fileRef = FC0A0DDA2976766900F3C6A3 /* Appetizer.swift */; };
		FC0A0DDD29767EBF00F3C6A3 /* AppetizerListCell.swift in Sources */ = {isa = PBXBuildFile; fileRef = FC0A0DDC29767EBF00F3C6A3 /* AppetizerListCell.swift */; };
		FC0A0DDF29767F8200F3C6A3 /* NetworkManager.swift in Sources */ = {isa = PBXBuildFile; fileRef = FC0A0DDE29767F8200F3C6A3 /* NetworkManager.swift */; };
		FC0A0DE12976809B00F3C6A3 /* AppetizersError.swift in Sources */ = {isa = PBXBuildFile; fileRef = FC0A0DE02976809B00F3C6A3 /* AppetizersError.swift */; };
		FC51D1CF29769474005D1361 /* AppetizerListViewModel.swift in Sources */ = {isa = PBXBuildFile; fileRef = FC51D1CE29769474005D1361 /* AppetizerListViewModel.swift */; };
		FC51D1D12976965C005D1361 /* Alert.swift in Sources */ = {isa = PBXBuildFile; fileRef = FC51D1D02976965C005D1361 /* Alert.swift */; };
		FC51D1D52977D41A005D1361 /* LoadingView.swift in Sources */ = {isa = PBXBuildFile; fileRef = FC51D1D42977D41A005D1361 /* LoadingView.swift */; };
		FC51D1D72977D4AE005D1361 /* Color+UI.swift in Sources */ = {isa = PBXBuildFile; fileRef = FC51D1D62977D4AE005D1361 /* Color+UI.swift */; };
		FC51D1D92977E0D4005D1361 /* RemoteImage.swift in Sources */ = {isa = PBXBuildFile; fileRef = FC51D1D82977E0D4005D1361 /* RemoteImage.swift */; };
		FC51D1EB29791E17005D1361 /* AppetizerDetailView.swift in Sources */ = {isa = PBXBuildFile; fileRef = FC51D1EA29791E17005D1361 /* AppetizerDetailView.swift */; };
		FC51D1EE29793C99005D1361 /* MainButton.swift in Sources */ = {isa = PBXBuildFile; fileRef = FC51D1ED29793C99005D1361 /* MainButton.swift */; };
		FC51D1F029793CD9005D1361 /* XDismissButton.swift in Sources */ = {isa = PBXBuildFile; fileRef = FC51D1EF29793CD9005D1361 /* XDismissButton.swift */; };
		FC51D1F22979425B005D1361 /* AccountViewModel.swift in Sources */ = {isa = PBXBuildFile; fileRef = FC51D1F12979425B005D1361 /* AccountViewModel.swift */; };
		FC51D1F4297943F1005D1361 /* String+EmailValidation.swift in Sources */ = {isa = PBXBuildFile; fileRef = FC51D1F3297943F1005D1361 /* String+EmailValidation.swift */; };
		FC51D1F62979563E005D1361 /* User.swift in Sources */ = {isa = PBXBuildFile; fileRef = FC51D1F52979563E005D1361 /* User.swift */; };
		FC51D1FC297A8E7D005D1361 /* EmptyState.swift in Sources */ = {isa = PBXBuildFile; fileRef = FC51D1FB297A8E7C005D1361 /* EmptyState.swift */; };
		FC51D1FE297A90B8005D1361 /* Order.swift in Sources */ = {isa = PBXBuildFile; fileRef = FC51D1FD297A90B8005D1361 /* Order.swift */; };
		FCADCA3A2973DA4C00D32D50 /* AppetizersApp.swift in Sources */ = {isa = PBXBuildFile; fileRef = FCADCA392973DA4C00D32D50 /* AppetizersApp.swift */; };
		FCADCA3C2973DA4C00D32D50 /* AppetizerTabView.swift in Sources */ = {isa = PBXBuildFile; fileRef = FCADCA3B2973DA4C00D32D50 /* AppetizerTabView.swift */; };
		FCADCA3E2973DA4D00D32D50 /* Assets.xcassets in Resources */ = {isa = PBXBuildFile; fileRef = FCADCA3D2973DA4D00D32D50 /* Assets.xcassets */; };
		FCADCA412973DA4D00D32D50 /* Preview Assets.xcassets in Resources */ = {isa = PBXBuildFile; fileRef = FCADCA402973DA4D00D32D50 /* Preview Assets.xcassets */; };
		FCADCA4A2973DAA600D32D50 /* AppetizerListView.swift in Sources */ = {isa = PBXBuildFile; fileRef = FCADCA492973DAA600D32D50 /* AppetizerListView.swift */; };
		FCADCA4C2973DAB000D32D50 /* OrderView.swift in Sources */ = {isa = PBXBuildFile; fileRef = FCADCA4B2973DAB000D32D50 /* OrderView.swift */; };
		FCADCA4E2973DADE00D32D50 /* AccountView.swift in Sources */ = {isa = PBXBuildFile; fileRef = FCADCA4D2973DADE00D32D50 /* AccountView.swift */; };
/* End PBXBuildFile section */

/* Begin PBXFileReference section */
		FC0A0DDA2976766900F3C6A3 /* Appetizer.swift */ = {isa = PBXFileReference; lastKnownFileType = sourcecode.swift; path = Appetizer.swift; sourceTree = "<group>"; };
		FC0A0DDC29767EBF00F3C6A3 /* AppetizerListCell.swift */ = {isa = PBXFileReference; lastKnownFileType = sourcecode.swift; path = AppetizerListCell.swift; sourceTree = "<group>"; };
		FC0A0DDE29767F8200F3C6A3 /* NetworkManager.swift */ = {isa = PBXFileReference; lastKnownFileType = sourcecode.swift; path = NetworkManager.swift; sourceTree = "<group>"; };
		FC0A0DE02976809B00F3C6A3 /* AppetizersError.swift */ = {isa = PBXFileReference; lastKnownFileType = sourcecode.swift; path = AppetizersError.swift; sourceTree = "<group>"; };
		FC51D1CE29769474005D1361 /* AppetizerListViewModel.swift */ = {isa = PBXFileReference; lastKnownFileType = sourcecode.swift; path = AppetizerListViewModel.swift; sourceTree = "<group>"; };
		FC51D1D02976965C005D1361 /* Alert.swift */ = {isa = PBXFileReference; lastKnownFileType = sourcecode.swift; path = Alert.swift; sourceTree = "<group>"; };
		FC51D1D42977D41A005D1361 /* LoadingView.swift */ = {isa = PBXFileReference; lastKnownFileType = sourcecode.swift; path = LoadingView.swift; sourceTree = "<group>"; };
		FC51D1D62977D4AE005D1361 /* Color+UI.swift */ = {isa = PBXFileReference; lastKnownFileType = sourcecode.swift; path = "Color+UI.swift"; sourceTree = "<group>"; };
		FC51D1D82977E0D4005D1361 /* RemoteImage.swift */ = {isa = PBXFileReference; lastKnownFileType = sourcecode.swift; path = RemoteImage.swift; sourceTree = "<group>"; };
		FC51D1EA29791E17005D1361 /* AppetizerDetailView.swift */ = {isa = PBXFileReference; lastKnownFileType = sourcecode.swift; path = AppetizerDetailView.swift; sourceTree = "<group>"; };
		FC51D1ED29793C99005D1361 /* MainButton.swift */ = {isa = PBXFileReference; lastKnownFileType = sourcecode.swift; path = MainButton.swift; sourceTree = "<group>"; };
		FC51D1EF29793CD9005D1361 /* XDismissButton.swift */ = {isa = PBXFileReference; lastKnownFileType = sourcecode.swift; path = XDismissButton.swift; sourceTree = "<group>"; };
		FC51D1F12979425B005D1361 /* AccountViewModel.swift */ = {isa = PBXFileReference; lastKnownFileType = sourcecode.swift; path = AccountViewModel.swift; sourceTree = "<group>"; };
		FC51D1F3297943F1005D1361 /* String+EmailValidation.swift */ = {isa = PBXFileReference; lastKnownFileType = sourcecode.swift; path = "String+EmailValidation.swift"; sourceTree = "<group>"; };
		FC51D1F52979563E005D1361 /* User.swift */ = {isa = PBXFileReference; lastKnownFileType = sourcecode.swift; path = User.swift; sourceTree = "<group>"; };
		FC51D1FB297A8E7C005D1361 /* EmptyState.swift */ = {isa = PBXFileReference; lastKnownFileType = sourcecode.swift; path = EmptyState.swift; sourceTree = "<group>"; };
		FC51D1FD297A90B8005D1361 /* Order.swift */ = {isa = PBXFileReference; lastKnownFileType = sourcecode.swift; path = Order.swift; sourceTree = "<group>"; };
		FCADCA362973DA4C00D32D50 /* Appetizers.app */ = {isa = PBXFileReference; explicitFileType = wrapper.application; includeInIndex = 0; path = Appetizers.app; sourceTree = BUILT_PRODUCTS_DIR; };
		FCADCA392973DA4C00D32D50 /* AppetizersApp.swift */ = {isa = PBXFileReference; lastKnownFileType = sourcecode.swift; path = AppetizersApp.swift; sourceTree = "<group>"; };
		FCADCA3B2973DA4C00D32D50 /* AppetizerTabView.swift */ = {isa = PBXFileReference; lastKnownFileType = sourcecode.swift; path = AppetizerTabView.swift; sourceTree = "<group>"; };
		FCADCA3D2973DA4D00D32D50 /* Assets.xcassets */ = {isa = PBXFileReference; lastKnownFileType = folder.assetcatalog; path = Assets.xcassets; sourceTree = "<group>"; };
		FCADCA402973DA4D00D32D50 /* Preview Assets.xcassets */ = {isa = PBXFileReference; lastKnownFileType = folder.assetcatalog; path = "Preview Assets.xcassets"; sourceTree = "<group>"; };
		FCADCA492973DAA600D32D50 /* AppetizerListView.swift */ = {isa = PBXFileReference; lastKnownFileType = sourcecode.swift; path = AppetizerListView.swift; sourceTree = "<group>"; };
		FCADCA4B2973DAB000D32D50 /* OrderView.swift */ = {isa = PBXFileReference; lastKnownFileType = sourcecode.swift; path = OrderView.swift; sourceTree = "<group>"; };
		FCADCA4D2973DADE00D32D50 /* AccountView.swift */ = {isa = PBXFileReference; lastKnownFileType = sourcecode.swift; path = AccountView.swift; sourceTree = "<group>"; };
/* End PBXFileReference section */

/* Begin PBXFrameworksBuildPhase section */
		FCADCA332973DA4C00D32D50 /* Frameworks */ = {
			isa = PBXFrameworksBuildPhase;
			buildActionMask = 2147483647;
			files = (
			);
			runOnlyForDeploymentPostprocessing = 0;
		};
/* End PBXFrameworksBuildPhase section */

/* Begin PBXGroup section */
		FC51D1DA2977E4A6005D1361 /* Screens */ = {
			isa = PBXGroup;
			children = (
				FCADCA3B2973DA4C00D32D50 /* AppetizerTabView.swift */,
				FC51D1DC2977E4C0005D1361 /* Account */,
				FC51D1E929791DE2005D1361 /* AppetizerDetail */,
				FC51D1DB2977E4B2005D1361 /* AppetizerList */,
				FC51D1DD2977E4C8005D1361 /* Order */,
			);
			path = Screens;
			sourceTree = "<group>";
		};
		FC51D1DB2977E4B2005D1361 /* AppetizerList */ = {
			isa = PBXGroup;
			children = (
				FC51D1CE29769474005D1361 /* AppetizerListViewModel.swift */,
				FCADCA492973DAA600D32D50 /* AppetizerListView.swift */,
			);
			path = AppetizerList;
			sourceTree = "<group>";
		};
		FC51D1DC2977E4C0005D1361 /* Account */ = {
			isa = PBXGroup;
			children = (
				FCADCA4D2973DADE00D32D50 /* AccountView.swift */,
				FC51D1F12979425B005D1361 /* AccountViewModel.swift */,
			);
			path = Account;
			sourceTree = "<group>";
		};
		FC51D1DD2977E4C8005D1361 /* Order */ = {
			isa = PBXGroup;
			children = (
				FCADCA4B2973DAB000D32D50 /* OrderView.swift */,
			);
			path = Order;
			sourceTree = "<group>";
		};
		FC51D1DE2977E4EA005D1361 /* Utilities */ = {
			isa = PBXGroup;
			children = (
				FC51D1E12977E504005D1361 /* Alerts */,
				FC51D1DF2977E4EF005D1361 /* Managers */,
				FC51D1E02977E4FA005D1361 /* Extensions */,
			);
			path = Utilities;
			sourceTree = "<group>";
		};
		FC51D1DF2977E4EF005D1361 /* Managers */ = {
			isa = PBXGroup;
			children = (
				FC0A0DDE29767F8200F3C6A3 /* NetworkManager.swift */,
			);
			path = Managers;
			sourceTree = "<group>";
		};
		FC51D1E02977E4FA005D1361 /* Extensions */ = {
			isa = PBXGroup;
			children = (
				FC51D1D62977D4AE005D1361 /* Color+UI.swift */,
				FC51D1F3297943F1005D1361 /* String+EmailValidation.swift */,
			);
			path = Extensions;
			sourceTree = "<group>";
		};
		FC51D1E12977E504005D1361 /* Alerts */ = {
			isa = PBXGroup;
			children = (
				FC51D1D02976965C005D1361 /* Alert.swift */,
				FC0A0DE02976809B00F3C6A3 /* AppetizersError.swift */,
			);
			path = Alerts;
			sourceTree = "<group>";
		};
		FC51D1E22977E540005D1361 /* Model */ = {
			isa = PBXGroup;
			children = (
				FC0A0DDA2976766900F3C6A3 /* Appetizer.swift */,
				FC51D1F52979563E005D1361 /* User.swift */,
				FC51D1FD297A90B8005D1361 /* Order.swift */,
			);
			path = Model;
			sourceTree = "<group>";
		};
		FC51D1E32977E557005D1361 /* Views */ = {
			isa = PBXGroup;
			children = (
				FC51D1EC29793BD3005D1361 /* Buttons */,
				FC51D1E62977E567005D1361 /* Image */,
				FC51D1E52977E563005D1361 /* Cells */,
				FC51D1E42977E55B005D1361 /* UIKit Components */,
				FC51D1FB297A8E7C005D1361 /* EmptyState.swift */,
			);
			path = Views;
			sourceTree = "<group>";
		};
		FC51D1E42977E55B005D1361 /* UIKit Components */ = {
			isa = PBXGroup;
			children = (
				FC51D1D42977D41A005D1361 /* LoadingView.swift */,
			);
			path = "UIKit Components";
			sourceTree = "<group>";
		};
		FC51D1E52977E563005D1361 /* Cells */ = {
			isa = PBXGroup;
			children = (
				FC0A0DDC29767EBF00F3C6A3 /* AppetizerListCell.swift */,
			);
			path = Cells;
			sourceTree = "<group>";
		};
		FC51D1E62977E567005D1361 /* Image */ = {
			isa = PBXGroup;
			children = (
				FC51D1D82977E0D4005D1361 /* RemoteImage.swift */,
			);
			path = Image;
			sourceTree = "<group>";
		};
		FC51D1E929791DE2005D1361 /* AppetizerDetail */ = {
			isa = PBXGroup;
			children = (
				FC51D1EA29791E17005D1361 /* AppetizerDetailView.swift */,
			);
			path = AppetizerDetail;
			sourceTree = "<group>";
		};
		FC51D1EC29793BD3005D1361 /* Buttons */ = {
			isa = PBXGroup;
			children = (
				FC51D1ED29793C99005D1361 /* MainButton.swift */,
				FC51D1EF29793CD9005D1361 /* XDismissButton.swift */,
			);
			path = Buttons;
			sourceTree = "<group>";
		};
		FCADCA2D2973DA4C00D32D50 = {
			isa = PBXGroup;
			children = (
				FCADCA382973DA4C00D32D50 /* Appetizers */,
				FCADCA372973DA4C00D32D50 /* Products */,
			);
			sourceTree = "<group>";
		};
		FCADCA372973DA4C00D32D50 /* Products */ = {
			isa = PBXGroup;
			children = (
				FCADCA362973DA4C00D32D50 /* Appetizers.app */,
			);
			name = Products;
			sourceTree = "<group>";
		};
		FCADCA382973DA4C00D32D50 /* Appetizers */ = {
			isa = PBXGroup;
			children = (
				FC51D1E22977E540005D1361 /* Model */,
				FC51D1DA2977E4A6005D1361 /* Screens */,
				FC51D1E32977E557005D1361 /* Views */,
				FC51D1DE2977E4EA005D1361 /* Utilities */,
				FCADCA392973DA4C00D32D50 /* AppetizersApp.swift */,
				FCADCA3D2973DA4D00D32D50 /* Assets.xcassets */,
				FCADCA3F2973DA4D00D32D50 /* Preview Content */,
			);
			path = Appetizers;
			sourceTree = "<group>";
		};
		FCADCA3F2973DA4D00D32D50 /* Preview Content */ = {
			isa = PBXGroup;
			children = (
				FCADCA402973DA4D00D32D50 /* Preview Assets.xcassets */,
			);
			path = "Preview Content";
			sourceTree = "<group>";
		};
/* End PBXGroup section */

/* Begin PBXNativeTarget section */
		FCADCA352973DA4C00D32D50 /* Appetizers */ = {
			isa = PBXNativeTarget;
			buildConfigurationList = FCADCA442973DA4D00D32D50 /* Build configuration list for PBXNativeTarget "Appetizers" */;
			buildPhases = (
				FCADCA322973DA4C00D32D50 /* Sources */,
				FCADCA332973DA4C00D32D50 /* Frameworks */,
				FCADCA342973DA4C00D32D50 /* Resources */,
			);
			buildRules = (
			);
			dependencies = (
			);
			name = Appetizers;
			productName = Appetizers;
			productReference = FCADCA362973DA4C00D32D50 /* Appetizers.app */;
			productType = "com.apple.product-type.application";
		};
/* End PBXNativeTarget section */

/* Begin PBXProject section */
		FCADCA2E2973DA4C00D32D50 /* Project object */ = {
			isa = PBXProject;
			attributes = {
				BuildIndependentTargetsInParallel = 1;
				LastSwiftUpdateCheck = 1420;
				LastUpgradeCheck = 1420;
				TargetAttributes = {
					FCADCA352973DA4C00D32D50 = {
						CreatedOnToolsVersion = 14.2;
					};
				};
			};
			buildConfigurationList = FCADCA312973DA4C00D32D50 /* Build configuration list for PBXProject "Appetizers" */;
			compatibilityVersion = "Xcode 14.0";
			developmentRegion = en;
			hasScannedForEncodings = 0;
			knownRegions = (
				en,
				Base,
			);
			mainGroup = FCADCA2D2973DA4C00D32D50;
			productRefGroup = FCADCA372973DA4C00D32D50 /* Products */;
			projectDirPath = "";
			projectRoot = "";
			targets = (
				FCADCA352973DA4C00D32D50 /* Appetizers */,
			);
		};
/* End PBXProject section */

/* Begin PBXResourcesBuildPhase section */
		FCADCA342973DA4C00D32D50 /* Resources */ = {
			isa = PBXResourcesBuildPhase;
			buildActionMask = 2147483647;
			files = (
				FCADCA412973DA4D00D32D50 /* Preview Assets.xcassets in Resources */,
				FCADCA3E2973DA4D00D32D50 /* Assets.xcassets in Resources */,
			);
			runOnlyForDeploymentPostprocessing = 0;
		};
/* End PBXResourcesBuildPhase section */

/* Begin PBXSourcesBuildPhase section */
		FCADCA322973DA4C00D32D50 /* Sources */ = {
			isa = PBXSourcesBuildPhase;
			buildActionMask = 2147483647;
			files = (
				FC0A0DDB2976766900F3C6A3 /* Appetizer.swift in Sources */,
				FC0A0DDD29767EBF00F3C6A3 /* AppetizerListCell.swift in Sources */,
				FC51D1F029793CD9005D1361 /* XDismissButton.swift in Sources */,
				FC51D1F4297943F1005D1361 /* String+EmailValidation.swift in Sources */,
				FC51D1FE297A90B8005D1361 /* Order.swift in Sources */,
				FC0A0DE12976809B00F3C6A3 /* AppetizersError.swift in Sources */,
				FC51D1F22979425B005D1361 /* AccountViewModel.swift in Sources */,
				FC51D1CF29769474005D1361 /* AppetizerListViewModel.swift in Sources */,
				FCADCA3C2973DA4C00D32D50 /* AppetizerTabView.swift in Sources */,
				FC51D1FC297A8E7D005D1361 /* EmptyState.swift in Sources */,
				FC51D1F62979563E005D1361 /* User.swift in Sources */,
				FC51D1D52977D41A005D1361 /* LoadingView.swift in Sources */,
				FCADCA4C2973DAB000D32D50 /* OrderView.swift in Sources */,
				FC51D1D72977D4AE005D1361 /* Color+UI.swift in Sources */,
				FC0A0DDF29767F8200F3C6A3 /* NetworkManager.swift in Sources */,
				FC51D1D92977E0D4005D1361 /* RemoteImage.swift in Sources */,
				FC51D1EB29791E17005D1361 /* AppetizerDetailView.swift in Sources */,
				FCADCA3A2973DA4C00D32D50 /* AppetizersApp.swift in Sources */,
				FC51D1EE29793C99005D1361 /* MainButton.swift in Sources */,
				FC51D1D12976965C005D1361 /* Alert.swift in Sources */,
				FCADCA4A2973DAA600D32D50 /* AppetizerListView.swift in Sources */,
				FCADCA4E2973DADE00D32D50 /* AccountView.swift in Sources */,
			);
			runOnlyForDeploymentPostprocessing = 0;
		};
/* End PBXSourcesBuildPhase section */

/* Begin XCBuildConfiguration section */
		FCADCA422973DA4D00D32D50 /* Debug */ = {
			isa = XCBuildConfiguration;
			buildSettings = {
				ALWAYS_SEARCH_USER_PATHS = NO;
				CLANG_ANALYZER_NONNULL = YES;
				CLANG_ANALYZER_NUMBER_OBJECT_CONVERSION = YES_AGGRESSIVE;
				CLANG_CXX_LANGUAGE_STANDARD = "gnu++20";
				CLANG_ENABLE_MODULES = YES;
				CLANG_ENABLE_OBJC_ARC = YES;
				CLANG_ENABLE_OBJC_WEAK = YES;
				CLANG_WARN_BLOCK_CAPTURE_AUTORELEASING = YES;
				CLANG_WARN_BOOL_CONVERSION = YES;
				CLANG_WARN_COMMA = YES;
				CLANG_WARN_CONSTANT_CONVERSION = YES;
				CLANG_WARN_DEPRECATED_OBJC_IMPLEMENTATIONS = YES;
				CLANG_WARN_DIRECT_OBJC_ISA_USAGE = YES_ERROR;
				CLANG_WARN_DOCUMENTATION_COMMENTS = YES;
				CLANG_WARN_EMPTY_BODY = YES;
				CLANG_WARN_ENUM_CONVERSION = YES;
				CLANG_WARN_INFINITE_RECURSION = YES;
				CLANG_WARN_INT_CONVERSION = YES;
				CLANG_WARN_NON_LITERAL_NULL_CONVERSION = YES;
				CLANG_WARN_OBJC_IMPLICIT_RETAIN_SELF = YES;
				CLANG_WARN_OBJC_LITERAL_CONVERSION = YES;
				CLANG_WARN_OBJC_ROOT_CLASS = YES_ERROR;
				CLANG_WARN_QUOTED_INCLUDE_IN_FRAMEWORK_HEADER = YES;
				CLANG_WARN_RANGE_LOOP_ANALYSIS = YES;
				CLANG_WARN_STRICT_PROTOTYPES = YES;
				CLANG_WARN_SUSPICIOUS_MOVE = YES;
				CLANG_WARN_UNGUARDED_AVAILABILITY = YES_AGGRESSIVE;
				CLANG_WARN_UNREACHABLE_CODE = YES;
				CLANG_WARN__DUPLICATE_METHOD_MATCH = YES;
				COPY_PHASE_STRIP = NO;
				DEBUG_INFORMATION_FORMAT = dwarf;
				ENABLE_STRICT_OBJC_MSGSEND = YES;
				ENABLE_TESTABILITY = YES;
				GCC_C_LANGUAGE_STANDARD = gnu11;
				GCC_DYNAMIC_NO_PIC = NO;
				GCC_NO_COMMON_BLOCKS = YES;
				GCC_OPTIMIZATION_LEVEL = 0;
				GCC_PREPROCESSOR_DEFINITIONS = (
					"DEBUG=1",
					"$(inherited)",
				);
				GCC_WARN_64_TO_32_BIT_CONVERSION = YES;
				GCC_WARN_ABOUT_RETURN_TYPE = YES_ERROR;
				GCC_WARN_UNDECLARED_SELECTOR = YES;
				GCC_WARN_UNINITIALIZED_AUTOS = YES_AGGRESSIVE;
				GCC_WARN_UNUSED_FUNCTION = YES;
				GCC_WARN_UNUSED_VARIABLE = YES;
				IPHONEOS_DEPLOYMENT_TARGET = 16.2;
				MTL_ENABLE_DEBUG_INFO = INCLUDE_SOURCE;
				MTL_FAST_MATH = YES;
				ONLY_ACTIVE_ARCH = YES;
				SDKROOT = iphoneos;
				SWIFT_ACTIVE_COMPILATION_CONDITIONS = DEBUG;
				SWIFT_OPTIMIZATION_LEVEL = "-Onone";
			};
			name = Debug;
		};
		FCADCA432973DA4D00D32D50 /* Release */ = {
			isa = XCBuildConfiguration;
			buildSettings = {
				ALWAYS_SEARCH_USER_PATHS = NO;
				CLANG_ANALYZER_NONNULL = YES;
				CLANG_ANALYZER_NUMBER_OBJECT_CONVERSION = YES_AGGRESSIVE;
				CLANG_CXX_LANGUAGE_STANDARD = "gnu++20";
				CLANG_ENABLE_MODULES = YES;
				CLANG_ENABLE_OBJC_ARC = YES;
				CLANG_ENABLE_OBJC_WEAK = YES;
				CLANG_WARN_BLOCK_CAPTURE_AUTORELEASING = YES;
				CLANG_WARN_BOOL_CONVERSION = YES;
				CLANG_WARN_COMMA = YES;
				CLANG_WARN_CONSTANT_CONVERSION = YES;
				CLANG_WARN_DEPRECATED_OBJC_IMPLEMENTATIONS = YES;
				CLANG_WARN_DIRECT_OBJC_ISA_USAGE = YES_ERROR;
				CLANG_WARN_DOCUMENTATION_COMMENTS = YES;
				CLANG_WARN_EMPTY_BODY = YES;
				CLANG_WARN_ENUM_CONVERSION = YES;
				CLANG_WARN_INFINITE_RECURSION = YES;
				CLANG_WARN_INT_CONVERSION = YES;
				CLANG_WARN_NON_LITERAL_NULL_CONVERSION = YES;
				CLANG_WARN_OBJC_IMPLICIT_RETAIN_SELF = YES;
				CLANG_WARN_OBJC_LITERAL_CONVERSION = YES;
				CLANG_WARN_OBJC_ROOT_CLASS = YES_ERROR;
				CLANG_WARN_QUOTED_INCLUDE_IN_FRAMEWORK_HEADER = YES;
				CLANG_WARN_RANGE_LOOP_ANALYSIS = YES;
				CLANG_WARN_STRICT_PROTOTYPES = YES;
				CLANG_WARN_SUSPICIOUS_MOVE = YES;
				CLANG_WARN_UNGUARDED_AVAILABILITY = YES_AGGRESSIVE;
				CLANG_WARN_UNREACHABLE_CODE = YES;
				CLANG_WARN__DUPLICATE_METHOD_MATCH = YES;
				COPY_PHASE_STRIP = NO;
				DEBUG_INFORMATION_FORMAT = "dwarf-with-dsym";
				ENABLE_NS_ASSERTIONS = NO;
				ENABLE_STRICT_OBJC_MSGSEND = YES;
				GCC_C_LANGUAGE_STANDARD = gnu11;
				GCC_NO_COMMON_BLOCKS = YES;
				GCC_WARN_64_TO_32_BIT_CONVERSION = YES;
				GCC_WARN_ABOUT_RETURN_TYPE = YES_ERROR;
				GCC_WARN_UNDECLARED_SELECTOR = YES;
				GCC_WARN_UNINITIALIZED_AUTOS = YES_AGGRESSIVE;
				GCC_WARN_UNUSED_FUNCTION = YES;
				GCC_WARN_UNUSED_VARIABLE = YES;
				IPHONEOS_DEPLOYMENT_TARGET = 16.2;
				MTL_ENABLE_DEBUG_INFO = NO;
				MTL_FAST_MATH = YES;
				SDKROOT = iphoneos;
				SWIFT_COMPILATION_MODE = wholemodule;
				SWIFT_OPTIMIZATION_LEVEL = "-O";
				VALIDATE_PRODUCT = YES;
			};
			name = Release;
		};
		FCADCA452973DA4D00D32D50 /* Debug */ = {
			isa = XCBuildConfiguration;
			buildSettings = {
				ASSETCATALOG_COMPILER_APPICON_NAME = AppIcon;
				ASSETCATALOG_COMPILER_GLOBAL_ACCENT_COLOR_NAME = AccentColor;
				CODE_SIGN_STYLE = Automatic;
				CURRENT_PROJECT_VERSION = 1;
				DEVELOPMENT_ASSET_PATHS = "\"Appetizers/Preview Content\"";
				DEVELOPMENT_TEAM = G3K5V92P7X;
				ENABLE_PREVIEWS = YES;
				GENERATE_INFOPLIST_FILE = YES;
				INFOPLIST_KEY_UIApplicationSceneManifest_Generation = YES;
				INFOPLIST_KEY_UIApplicationSupportsIndirectInputEvents = YES;
				INFOPLIST_KEY_UILaunchScreen_Generation = YES;
				INFOPLIST_KEY_UISupportedInterfaceOrientations_iPad = "UIInterfaceOrientationPortrait UIInterfaceOrientationPortraitUpsideDown UIInterfaceOrientationLandscapeLeft UIInterfaceOrientationLandscapeRight";
				INFOPLIST_KEY_UISupportedInterfaceOrientations_iPhone = "UIInterfaceOrientationPortrait UIInterfaceOrientationLandscapeLeft UIInterfaceOrientationLandscapeRight";
				LD_RUNPATH_SEARCH_PATHS = (
					"$(inherited)",
					"@executable_path/Frameworks",
				);
				MARKETING_VERSION = 1.0;
				PRODUCT_BUNDLE_IDENTIFIER = com.Appetizers;
				PRODUCT_NAME = "$(TARGET_NAME)";
				SWIFT_EMIT_LOC_STRINGS = YES;
				SWIFT_VERSION = 5.0;
				TARGETED_DEVICE_FAMILY = "1,2";
			};
			name = Debug;
		};
		FCADCA462973DA4D00D32D50 /* Release */ = {
			isa = XCBuildConfiguration;
			buildSettings = {
				ASSETCATALOG_COMPILER_APPICON_NAME = AppIcon;
				ASSETCATALOG_COMPILER_GLOBAL_ACCENT_COLOR_NAME = AccentColor;
				CODE_SIGN_STYLE = Automatic;
				CURRENT_PROJECT_VERSION = 1;
				DEVELOPMENT_ASSET_PATHS = "\"Appetizers/Preview Content\"";
				DEVELOPMENT_TEAM = G3K5V92P7X;
				ENABLE_PREVIEWS = YES;
				GENERATE_INFOPLIST_FILE = YES;
				INFOPLIST_KEY_UIApplicationSceneManifest_Generation = YES;
				INFOPLIST_KEY_UIApplicationSupportsIndirectInputEvents = YES;
				INFOPLIST_KEY_UILaunchScreen_Generation = YES;
				INFOPLIST_KEY_UISupportedInterfaceOrientations_iPad = "UIInterfaceOrientationPortrait UIInterfaceOrientationPortraitUpsideDown UIInterfaceOrientationLandscapeLeft UIInterfaceOrientationLandscapeRight";
				INFOPLIST_KEY_UISupportedInterfaceOrientations_iPhone = "UIInterfaceOrientationPortrait UIInterfaceOrientationLandscapeLeft UIInterfaceOrientationLandscapeRight";
				LD_RUNPATH_SEARCH_PATHS = (
					"$(inherited)",
					"@executable_path/Frameworks",
				);
				MARKETING_VERSION = 1.0;
				PRODUCT_BUNDLE_IDENTIFIER = com.Appetizers;
				PRODUCT_NAME = "$(TARGET_NAME)";
				SWIFT_EMIT_LOC_STRINGS = YES;
				SWIFT_VERSION = 5.0;
				TARGETED_DEVICE_FAMILY = "1,2";
			};
			name = Release;
		};
/* End XCBuildConfiguration section */

/* Begin XCConfigurationList section */
		FCADCA312973DA4C00D32D50 /* Build configuration list for PBXProject "Appetizers" */ = {
			isa = XCConfigurationList;
			buildConfigurations = (
				FCADCA422973DA4D00D32D50 /* Debug */,
				FCADCA432973DA4D00D32D50 /* Release */,
			);
			defaultConfigurationIsVisible = 0;
			defaultConfigurationName = Release;
		};
		FCADCA442973DA4D00D32D50 /* Build configuration list for PBXNativeTarget "Appetizers" */ = {
			isa = XCConfigurationList;
			buildConfigurations = (
				FCADCA452973DA4D00D32D50 /* Debug */,
				FCADCA462973DA4D00D32D50 /* Release */,
			);
			defaultConfigurationIsVisible = 0;
			defaultConfigurationName = Release;
		};
/* End XCConfigurationList section */
	};
	rootObject = FCADCA2E2973DA4C00D32D50 /* Project object */;
}
